
Microsoft Visual Studio Solution File, Format Version 12.00
# Visual Studio Version 17
VisualStudioVersion = 17.10.35122.118
MinimumVisualStudioVersion = 10.0.40219.1
Project("{FAE04EC0-301F-11D3-BF4B-00C04F79EFBC}") = "SFyCSm013p6e2", "SFyCSm013p6e2.csproj", "{6143E761-ACD1-4C9E-860A-D4DF31A3E68B}"
EndProject
Global
	GlobalSection(SolutionConfigurationPlatforms) = preSolution
		Debug|Any CPU = Debug|Any CPU
		Release|Any CPU = Release|Any CPU
	EndGlobalSection
	GlobalSection(ProjectConfigurationPlatforms) = postSolution
		{6143E761-ACD1-4C9E-860A-D4DF31A3E68B}.Debug|Any CPU.ActiveCfg = Debug|Any CPU
		{6143E761-ACD1-4C9E-860A-D4DF31A3E68B}.Debug|Any CPU.Build.0 = Debug|Any CPU
		{6143E761-ACD1-4C9E-860A-D4DF31A3E68B}.Release|Any CPU.ActiveCfg = Release|Any CPU
		{6143E761-ACD1-4C9E-860A-D4DF31A3E68B}.Release|Any CPU.Build.0 = Release|Any CPU
	EndGlobalSection
	GlobalSection(SolutionProperties) = preSolution
		HideSolutionNode = FALSE
	EndGlobalSection
	GlobalSection(ExtensibilityGlobals) = postSolution
		SolutionGuid = {3B0ED341-A391-46FC-A963-D5CE3578E4AC}
	EndGlobalSection
EndGlobal
